// !$*UTF8*$!
{
	archiveVersion = 1;
	classes = {
	};
	objectVersion = 46;
	objects = {

/* Begin PBXBuildFile section */
		AE40D9A21D8C805800D68585 /* Alamofire.framework in Frameworks */ = {isa = PBXBuildFile; fileRef = AE40D9A11D8C805800D68585 /* Alamofire.framework */; };
		AE5CECD71D8CB46700DA2FA2 /* LoudspeakerMessageRecord.swift in Sources */ = {isa = PBXBuildFile; fileRef = AE5CECD61D8CB46700DA2FA2 /* LoudspeakerMessageRecord.swift */; };
		AE5CECD91D8CC55F00DA2FA2 /* PlatformCollectionViewCell.swift in Sources */ = {isa = PBXBuildFile; fileRef = AE5CECD81D8CC55F00DA2FA2 /* PlatformCollectionViewCell.swift */; };
		AE5CECDB1D8CFA1000DA2FA2 /* PlatformMessagesDisplayerViewController.swift in Sources */ = {isa = PBXBuildFile; fileRef = AE5CECDA1D8CFA1000DA2FA2 /* PlatformMessagesDisplayerViewController.swift */; };
		AE5CECE11D8CFAEF00DA2FA2 /* PlatformMessagesDisplayer.storyboard in Resources */ = {isa = PBXBuildFile; fileRef = AE5CECE01D8CFAEF00DA2FA2 /* PlatformMessagesDisplayer.storyboard */; };
		AE5CECE41D8CFB2200DA2FA2 /* Platforms.storyboard in Resources */ = {isa = PBXBuildFile; fileRef = AE5CECE21D8CFB2200DA2FA2 /* Platforms.storyboard */; };
		AE5CECE61D8D230300DA2FA2 /* MessageCollectionViewCell.swift in Sources */ = {isa = PBXBuildFile; fileRef = AE5CECE51D8D230300DA2FA2 /* MessageCollectionViewCell.swift */; };
		AE5CECE81D8D368600DA2FA2 /* SpeechRecognizer.swift in Sources */ = {isa = PBXBuildFile; fileRef = AE5CECE71D8D368600DA2FA2 /* SpeechRecognizer.swift */; };
		AE86B5011D8C982C00121610 /* LoudspeakerMessageRequest.swift in Sources */ = {isa = PBXBuildFile; fileRef = AE86B5001D8C982C00121610 /* LoudspeakerMessageRequest.swift */; };
		AE86B5041D8CA41800121610 /* Unbox.framework in Frameworks */ = {isa = PBXBuildFile; fileRef = AE86B5021D8CA27300121610 /* Unbox.framework */; };
		AEA5B8EA1D8C7C4400A64D95 /* AppDelegate.swift in Sources */ = {isa = PBXBuildFile; fileRef = AEA5B8E91D8C7C4300A64D95 /* AppDelegate.swift */; };
		AEA5B8EC1D8C7C4400A64D95 /* PlatformsViewController.swift in Sources */ = {isa = PBXBuildFile; fileRef = AEA5B8EB1D8C7C4400A64D95 /* PlatformsViewController.swift */; };
		AEA5B8F11D8C7C4400A64D95 /* Assets.xcassets in Resources */ = {isa = PBXBuildFile; fileRef = AEA5B8F01D8C7C4400A64D95 /* Assets.xcassets */; };
		AEA5B8F41D8C7C4400A64D95 /* LaunchScreen.storyboard in Resources */ = {isa = PBXBuildFile; fileRef = AEA5B8F21D8C7C4400A64D95 /* LaunchScreen.storyboard */; };
		AED0C7691D8D5CFE00E66C7D /* DateFormatter.swift in Sources */ = {isa = PBXBuildFile; fileRef = AED0C7681D8D5CFE00E66C7D /* DateFormatter.swift */; };
/* End PBXBuildFile section */

/* Begin PBXFileReference section */
		AE40D9A11D8C805800D68585 /* Alamofire.framework */ = {isa = PBXFileReference; lastKnownFileType = wrapper.framework; name = Alamofire.framework; path = ../Carthage/Build/iOS/Alamofire.framework; sourceTree = "<group>"; };
		AE5CECD61D8CB46700DA2FA2 /* LoudspeakerMessageRecord.swift */ = {isa = PBXFileReference; fileEncoding = 4; lastKnownFileType = sourcecode.swift; name = LoudspeakerMessageRecord.swift; path = ../LoudspeakerMessageRecord.swift; sourceTree = "<group>"; };
		AE5CECD81D8CC55F00DA2FA2 /* PlatformCollectionViewCell.swift */ = {isa = PBXFileReference; fileEncoding = 4; lastKnownFileType = sourcecode.swift; path = PlatformCollectionViewCell.swift; sourceTree = "<group>"; };
		AE5CECDA1D8CFA1000DA2FA2 /* PlatformMessagesDisplayerViewController.swift */ = {isa = PBXFileReference; fileEncoding = 4; lastKnownFileType = sourcecode.swift; path = PlatformMessagesDisplayerViewController.swift; sourceTree = "<group>"; };
		AE5CECE01D8CFAEF00DA2FA2 /* PlatformMessagesDisplayer.storyboard */ = {isa = PBXFileReference; fileEncoding = 4; lastKnownFileType = file.storyboard; path = PlatformMessagesDisplayer.storyboard; sourceTree = "<group>"; };
		AE5CECE31D8CFB2200DA2FA2 /* Base */ = {isa = PBXFileReference; lastKnownFileType = file.storyboard; name = Base; path = Base.lproj/Platforms.storyboard; sourceTree = "<group>"; };
		AE5CECE51D8D230300DA2FA2 /* MessageCollectionViewCell.swift */ = {isa = PBXFileReference; fileEncoding = 4; lastKnownFileType = sourcecode.swift; path = MessageCollectionViewCell.swift; sourceTree = "<group>"; };
		AE5CECE71D8D368600DA2FA2 /* SpeechRecognizer.swift */ = {isa = PBXFileReference; fileEncoding = 4; lastKnownFileType = sourcecode.swift; path = SpeechRecognizer.swift; sourceTree = "<group>"; };
		AE86B5001D8C982C00121610 /* LoudspeakerMessageRequest.swift */ = {isa = PBXFileReference; fileEncoding = 4; lastKnownFileType = sourcecode.swift; path = LoudspeakerMessageRequest.swift; sourceTree = "<group>"; };
		AE86B5021D8CA27300121610 /* Unbox.framework */ = {isa = PBXFileReference; lastKnownFileType = wrapper.framework; name = Unbox.framework; path = Carthage/Build/iOS/Unbox.framework; sourceTree = "<group>"; };
		AEA5B8E61D8C7C4300A64D95 /* SBBZurichNotifier.app */ = {isa = PBXFileReference; explicitFileType = wrapper.application; includeInIndex = 0; path = SBBZurichNotifier.app; sourceTree = BUILT_PRODUCTS_DIR; };
		AEA5B8E91D8C7C4300A64D95 /* AppDelegate.swift */ = {isa = PBXFileReference; lastKnownFileType = sourcecode.swift; path = AppDelegate.swift; sourceTree = "<group>"; };
		AEA5B8EB1D8C7C4400A64D95 /* PlatformsViewController.swift */ = {isa = PBXFileReference; lastKnownFileType = sourcecode.swift; path = PlatformsViewController.swift; sourceTree = "<group>"; };
		AEA5B8F01D8C7C4400A64D95 /* Assets.xcassets */ = {isa = PBXFileReference; lastKnownFileType = folder.assetcatalog; path = Assets.xcassets; sourceTree = "<group>"; };
		AEA5B8F31D8C7C4400A64D95 /* Base */ = {isa = PBXFileReference; lastKnownFileType = file.storyboard; name = Base; path = Base.lproj/LaunchScreen.storyboard; sourceTree = "<group>"; };
		AEA5B8F51D8C7C4400A64D95 /* Info.plist */ = {isa = PBXFileReference; lastKnownFileType = text.plist.xml; path = Info.plist; sourceTree = "<group>"; };
		AED0C7681D8D5CFE00E66C7D /* DateFormatter.swift */ = {isa = PBXFileReference; fileEncoding = 4; lastKnownFileType = sourcecode.swift; path = DateFormatter.swift; sourceTree = "<group>"; };
/* End PBXFileReference section */

/* Begin PBXFrameworksBuildPhase section */
		AEA5B8E31D8C7C4300A64D95 /* Frameworks */ = {
			isa = PBXFrameworksBuildPhase;
			buildActionMask = 2147483647;
			files = (
				AE40D9A21D8C805800D68585 /* Alamofire.framework in Frameworks */,
				AE86B5041D8CA41800121610 /* Unbox.framework in Frameworks */,
			);
			runOnlyForDeploymentPostprocessing = 0;
		};
/* End PBXFrameworksBuildPhase section */

/* Begin PBXGroup section */
		AE40D9A01D8C805800D68585 /* Frameworks */ = {
			isa = PBXGroup;
			children = (
				AE86B5021D8CA27300121610 /* Unbox.framework */,
				AE40D9A11D8C805800D68585 /* Alamofire.framework */,
			);
			name = Frameworks;
			sourceTree = "<group>";
		};
		AE5CECDC1D8CFA8800DA2FA2 /* Model */ = {
			isa = PBXGroup;
			children = (
				AE5CECD61D8CB46700DA2FA2 /* LoudspeakerMessageRecord.swift */,
				AED0C7681D8D5CFE00E66C7D /* DateFormatter.swift */,
			);
			name = Model;
			sourceTree = "<group>";
		};
		AE5CECDD1D8CFA8D00DA2FA2 /* Requests */ = {
			isa = PBXGroup;
			children = (
				AE86B5001D8C982C00121610 /* LoudspeakerMessageRequest.swift */,
			);
			name = Requests;
			sourceTree = "<group>";
		};
		AE5CECDE1D8CFABB00DA2FA2 /* Views */ = {
			isa = PBXGroup;
			children = (
				AE5CECE21D8CFB2200DA2FA2 /* Platforms.storyboard */,
				AEA5B8EB1D8C7C4400A64D95 /* PlatformsViewController.swift */,
				AE5CECD81D8CC55F00DA2FA2 /* PlatformCollectionViewCell.swift */,
				AE5CECE01D8CFAEF00DA2FA2 /* PlatformMessagesDisplayer.storyboard */,
				AE5CECDA1D8CFA1000DA2FA2 /* PlatformMessagesDisplayerViewController.swift */,
				AE5CECE51D8D230300DA2FA2 /* MessageCollectionViewCell.swift */,
				AE5CECE71D8D368600DA2FA2 /* SpeechRecognizer.swift */,
			);
			name = Views;
			sourceTree = "<group>";
		};
		AE5CECDF1D8CFAC500DA2FA2 /* Resources */ = {
			isa = PBXGroup;
			children = (
				AEA5B8F01D8C7C4400A64D95 /* Assets.xcassets */,
				AEA5B8F21D8C7C4400A64D95 /* LaunchScreen.storyboard */,
				AEA5B8F51D8C7C4400A64D95 /* Info.plist */,
			);
			name = Resources;
			sourceTree = "<group>";
		};
		AEA5B8DD1D8C7C4300A64D95 = {
			isa = PBXGroup;
			children = (
				AEA5B8E81D8C7C4300A64D95 /* SBBZurichNotifier */,
				AEA5B8E71D8C7C4300A64D95 /* Products */,
				AE40D9A01D8C805800D68585 /* Frameworks */,
			);
			sourceTree = "<group>";
		};
		AEA5B8E71D8C7C4300A64D95 /* Products */ = {
			isa = PBXGroup;
			children = (
				AEA5B8E61D8C7C4300A64D95 /* SBBZurichNotifier.app */,
			);
			name = Products;
			sourceTree = "<group>";
		};
		AEA5B8E81D8C7C4300A64D95 /* SBBZurichNotifier */ = {
			isa = PBXGroup;
			children = (
				AEA5B8E91D8C7C4300A64D95 /* AppDelegate.swift */,
				AE5CECDE1D8CFABB00DA2FA2 /* Views */,
				AE5CECDD1D8CFA8D00DA2FA2 /* Requests */,
				AE5CECDC1D8CFA8800DA2FA2 /* Model */,
				AE5CECDF1D8CFAC500DA2FA2 /* Resources */,
			);
			path = SBBZurichNotifier;
			sourceTree = "<group>";
		};
/* End PBXGroup section */

/* Begin PBXNativeTarget section */
		AEA5B8E51D8C7C4300A64D95 /* SBBZurichNotifier */ = {
			isa = PBXNativeTarget;
			buildConfigurationList = AEA5B8F81D8C7C4400A64D95 /* Build configuration list for PBXNativeTarget "SBBZurichNotifier" */;
			buildPhases = (
				AEA5B8E21D8C7C4300A64D95 /* Sources */,
				AEA5B8E31D8C7C4300A64D95 /* Frameworks */,
				AEA5B8E41D8C7C4300A64D95 /* Resources */,
				AEA5B8FB1D8C7CEF00A64D95 /* ShellScript */,
			);
			buildRules = (
			);
			dependencies = (
			);
			name = SBBZurichNotifier;
			productName = SBBZurichNotifier;
			productReference = AEA5B8E61D8C7C4300A64D95 /* SBBZurichNotifier.app */;
			productType = "com.apple.product-type.application";
		};
/* End PBXNativeTarget section */

/* Begin PBXProject section */
		AEA5B8DE1D8C7C4300A64D95 /* Project object */ = {
			isa = PBXProject;
			attributes = {
				LastSwiftUpdateCheck = 0800;
				LastUpgradeCheck = 0800;
				ORGANIZATIONNAME = "Patrick Balestra";
				TargetAttributes = {
					AEA5B8E51D8C7C4300A64D95 = {
						CreatedOnToolsVersion = 8.0;
						DevelopmentTeam = 2EZDW5DVTJ;
						ProvisioningStyle = Automatic;
					};
				};
			};
			buildConfigurationList = AEA5B8E11D8C7C4300A64D95 /* Build configuration list for PBXProject "SBBZurichNotifier" */;
			compatibilityVersion = "Xcode 3.2";
			developmentRegion = English;
			hasScannedForEncodings = 0;
			knownRegions = (
				en,
				Base,
			);
			mainGroup = AEA5B8DD1D8C7C4300A64D95;
			productRefGroup = AEA5B8E71D8C7C4300A64D95 /* Products */;
			projectDirPath = "";
			projectRoot = "";
			targets = (
				AEA5B8E51D8C7C4300A64D95 /* SBBZurichNotifier */,
			);
		};
/* End PBXProject section */

/* Begin PBXResourcesBuildPhase section */
		AEA5B8E41D8C7C4300A64D95 /* Resources */ = {
			isa = PBXResourcesBuildPhase;
			buildActionMask = 2147483647;
			files = (
				AEA5B8F41D8C7C4400A64D95 /* LaunchScreen.storyboard in Resources */,
				AE5CECE11D8CFAEF00DA2FA2 /* PlatformMessagesDisplayer.storyboard in Resources */,
				AEA5B8F11D8C7C4400A64D95 /* Assets.xcassets in Resources */,
				AE5CECE41D8CFB2200DA2FA2 /* Platforms.storyboard in Resources */,
			);
			runOnlyForDeploymentPostprocessing = 0;
		};
/* End PBXResourcesBuildPhase section */

/* Begin PBXShellScriptBuildPhase section */
		AEA5B8FB1D8C7CEF00A64D95 /* ShellScript */ = {
			isa = PBXShellScriptBuildPhase;
			buildActionMask = 2147483647;
			files = (
			);
			inputPaths = (
				"$(SRCROOT)/Carthage/Build/iOS/Alamofire.framework",
				"$(SRCROOT)/Carthage/Build/iOS/Unbox.framework",
			);
			outputPaths = (
			);
			runOnlyForDeploymentPostprocessing = 0;
			shellPath = /bin/sh;
			shellScript = "/usr/local/bin/carthage copy-frameworks";
		};
/* End PBXShellScriptBuildPhase section */

/* Begin PBXSourcesBuildPhase section */
		AEA5B8E21D8C7C4300A64D95 /* Sources */ = {
			isa = PBXSourcesBuildPhase;
			buildActionMask = 2147483647;
			files = (
				AED0C7691D8D5CFE00E66C7D /* DateFormatter.swift in Sources */,
				AE5CECE61D8D230300DA2FA2 /* MessageCollectionViewCell.swift in Sources */,
				AE5CECE81D8D368600DA2FA2 /* SpeechRecognizer.swift in Sources */,
				AE86B5011D8C982C00121610 /* LoudspeakerMessageRequest.swift in Sources */,
				AEA5B8EC1D8C7C4400A64D95 /* PlatformsViewController.swift in Sources */,
				AEA5B8EA1D8C7C4400A64D95 /* AppDelegate.swift in Sources */,
				AE5CECD71D8CB46700DA2FA2 /* LoudspeakerMessageRecord.swift in Sources */,
				AE5CECD91D8CC55F00DA2FA2 /* PlatformCollectionViewCell.swift in Sources */,
				AE5CECDB1D8CFA1000DA2FA2 /* PlatformMessagesDisplayerViewController.swift in Sources */,
			);
			runOnlyForDeploymentPostprocessing = 0;
		};
/* End PBXSourcesBuildPhase section */

/* Begin PBXVariantGroup section */
		AE5CECE21D8CFB2200DA2FA2 /* Platforms.storyboard */ = {
			isa = PBXVariantGroup;
			children = (
				AE5CECE31D8CFB2200DA2FA2 /* Base */,
			);
			name = Platforms.storyboard;
			sourceTree = "<group>";
		};
		AEA5B8F21D8C7C4400A64D95 /* LaunchScreen.storyboard */ = {
			isa = PBXVariantGroup;
			children = (
				AEA5B8F31D8C7C4400A64D95 /* Base */,
			);
			name = LaunchScreen.storyboard;
			sourceTree = "<group>";
		};
/* End PBXVariantGroup section */

/* Begin XCBuildConfiguration section */
		AEA5B8F61D8C7C4400A64D95 /* Debug */ = {
			isa = XCBuildConfiguration;
			buildSettings = {
				ALWAYS_SEARCH_USER_PATHS = NO;
				CLANG_ANALYZER_NONNULL = YES;
				CLANG_CXX_LANGUAGE_STANDARD = "gnu++0x";
				CLANG_CXX_LIBRARY = "libc++";
				CLANG_ENABLE_MODULES = YES;
				CLANG_ENABLE_OBJC_ARC = YES;
				CLANG_WARN_BOOL_CONVERSION = YES;
				CLANG_WARN_CONSTANT_CONVERSION = YES;
				CLANG_WARN_DIRECT_OBJC_ISA_USAGE = YES_ERROR;
				CLANG_WARN_DOCUMENTATION_COMMENTS = YES;
				CLANG_WARN_EMPTY_BODY = YES;
				CLANG_WARN_ENUM_CONVERSION = YES;
				CLANG_WARN_INFINITE_RECURSION = YES;
				CLANG_WARN_INT_CONVERSION = YES;
				CLANG_WARN_OBJC_ROOT_CLASS = YES_ERROR;
				CLANG_WARN_SUSPICIOUS_MOVES = YES;
				CLANG_WARN_UNREACHABLE_CODE = YES;
				CLANG_WARN__DUPLICATE_METHOD_MATCH = YES;
				"CODE_SIGN_IDENTITY[sdk=iphoneos*]" = "iPhone Developer";
				COPY_PHASE_STRIP = NO;
				DEBUG_INFORMATION_FORMAT = dwarf;
				ENABLE_STRICT_OBJC_MSGSEND = YES;
				ENABLE_TESTABILITY = YES;
				GCC_C_LANGUAGE_STANDARD = gnu99;
				GCC_DYNAMIC_NO_PIC = NO;
				GCC_NO_COMMON_BLOCKS = YES;
				GCC_OPTIMIZATION_LEVEL = 0;
				GCC_PREPROCESSOR_DEFINITIONS = (
					"DEBUG=1",
					"$(inherited)",
				);
				GCC_WARN_64_TO_32_BIT_CONVERSION = YES;
				GCC_WARN_ABOUT_RETURN_TYPE = YES_ERROR;
				GCC_WARN_UNDECLARED_SELECTOR = YES;
				GCC_WARN_UNINITIALIZED_AUTOS = YES_AGGRESSIVE;
				GCC_WARN_UNUSED_FUNCTION = YES;
				GCC_WARN_UNUSED_VARIABLE = YES;
				IPHONEOS_DEPLOYMENT_TARGET = 10.0;
				MTL_ENABLE_DEBUG_INFO = YES;
				ONLY_ACTIVE_ARCH = YES;
				SDKROOT = iphoneos;
				SWIFT_ACTIVE_COMPILATION_CONDITIONS = DEBUG;
				SWIFT_OPTIMIZATION_LEVEL = "-Onone";
			};
			name = Debug;
		};
		AEA5B8F71D8C7C4400A64D95 /* Release */ = {
			isa = XCBuildConfiguration;
			buildSettings = {
				ALWAYS_SEARCH_USER_PATHS = NO;
				CLANG_ANALYZER_NONNULL = YES;
				CLANG_CXX_LANGUAGE_STANDARD = "gnu++0x";
				CLANG_CXX_LIBRARY = "libc++";
				CLANG_ENABLE_MODULES = YES;
				CLANG_ENABLE_OBJC_ARC = YES;
				CLANG_WARN_BOOL_CONVERSION = YES;
				CLANG_WARN_CONSTANT_CONVERSION = YES;
				CLANG_WARN_DIRECT_OBJC_ISA_USAGE = YES_ERROR;
				CLANG_WARN_DOCUMENTATION_COMMENTS = YES;
				CLANG_WARN_EMPTY_BODY = YES;
				CLANG_WARN_ENUM_CONVERSION = YES;
				CLANG_WARN_INFINITE_RECURSION = YES;
				CLANG_WARN_INT_CONVERSION = YES;
				CLANG_WARN_OBJC_ROOT_CLASS = YES_ERROR;
				CLANG_WARN_SUSPICIOUS_MOVES = YES;
				CLANG_WARN_UNREACHABLE_CODE = YES;
				CLANG_WARN__DUPLICATE_METHOD_MATCH = YES;
				"CODE_SIGN_IDENTITY[sdk=iphoneos*]" = "iPhone Developer";
				COPY_PHASE_STRIP = NO;
				DEBUG_INFORMATION_FORMAT = "dwarf-with-dsym";
				ENABLE_NS_ASSERTIONS = NO;
				ENABLE_STRICT_OBJC_MSGSEND = YES;
				GCC_C_LANGUAGE_STANDARD = gnu99;
				GCC_NO_COMMON_BLOCKS = YES;
				GCC_WARN_64_TO_32_BIT_CONVERSION = YES;
				GCC_WARN_ABOUT_RETURN_TYPE = YES_ERROR;
				GCC_WARN_UNDECLARED_SELECTOR = YES;
				GCC_WARN_UNINITIALIZED_AUTOS = YES_AGGRESSIVE;
				GCC_WARN_UNUSED_FUNCTION = YES;
				GCC_WARN_UNUSED_VARIABLE = YES;
				IPHONEOS_DEPLOYMENT_TARGET = 10.0;
				MTL_ENABLE_DEBUG_INFO = NO;
				SDKROOT = iphoneos;
				SWIFT_OPTIMIZATION_LEVEL = "-Owholemodule";
				VALIDATE_PRODUCT = YES;
			};
			name = Release;
		};
		AEA5B8F91D8C7C4400A64D95 /* Debug */ = {
			isa = XCBuildConfiguration;
			buildSettings = {
				ASSETCATALOG_COMPILER_APPICON_NAME = AppIcon;
				DEVELOPMENT_TEAM = 2EZDW5DVTJ;
				FRAMEWORK_SEARCH_PATHS = (
					"$(inherited)",
					"$(SRCROOT)/Carthage/Build/iOS/",
					"$(PROJECT_DIR)/Carthage/Build/iOS",
				);
				INFOPLIST_FILE = SBBZurichNotifier/Info.plist;
				LD_RUNPATH_SEARCH_PATHS = "$(inherited) @executable_path/Frameworks";
				PRODUCT_BUNDLE_IDENTIFIER = com.patrickbalestra.SBBZurichNotifier;
				PRODUCT_NAME = "$(TARGET_NAME)";
				SWIFT_VERSION = 3.0;
			};
			name = Debug;
		};
		AEA5B8FA1D8C7C4400A64D95 /* Release */ = {
			isa = XCBuildConfiguration;
			buildSettings = {
				ASSETCATALOG_COMPILER_APPICON_NAME = AppIcon;
				DEVELOPMENT_TEAM = 2EZDW5DVTJ;
				FRAMEWORK_SEARCH_PATHS = (
					"$(inherited)",
					"$(SRCROOT)/Carthage/Build/iOS/",
					"$(PROJECT_DIR)/Carthage/Build/iOS",
				);
				INFOPLIST_FILE = SBBZurichNotifier/Info.plist;
				LD_RUNPATH_SEARCH_PATHS = "$(inherited) @executable_path/Frameworks";
				PRODUCT_BUNDLE_IDENTIFIER = com.patrickbalestra.SBBZurichNotifier;
				PRODUCT_NAME = "$(TARGET_NAME)";
				SWIFT_VERSION = 3.0;
			};
			name = Release;
		};
/* End XCBuildConfiguration section */

/* Begin XCConfigurationList section */
		AEA5B8E11D8C7C4300A64D95 /* Build configuration list for PBXProject "SBBZurichNotifier" */ = {
			isa = XCConfigurationList;
			buildConfigurations = (
				AEA5B8F61D8C7C4400A64D95 /* Debug */,
				AEA5B8F71D8C7C4400A64D95 /* Release */,
			);
			defaultConfigurationIsVisible = 0;
			defaultConfigurationName = Release;
		};
		AEA5B8F81D8C7C4400A64D95 /* Build configuration list for PBXNativeTarget "SBBZurichNotifier" */ = {
			isa = XCConfigurationList;
			buildConfigurations = (
				AEA5B8F91D8C7C4400A64D95 /* Debug */,
				AEA5B8FA1D8C7C4400A64D95 /* Release */,
			);
			defaultConfigurationIsVisible = 0;
			defaultConfigurationName = Release;
		};
/* End XCConfigurationList section */
	};
	rootObject = AEA5B8DE1D8C7C4300A64D95 /* Project object */;
}
